// !$*UTF8*$!
{
	archiveVersion = 1;
	classes = {
	};
	objectVersion = 46;
	objects = {

/* Begin PBXBuildFile section */
		9C5C74911E6D94FC004B4B42 /* AppDelegate.swift in Sources */ = {isa = PBXBuildFile; fileRef = 9C5C74901E6D94FC004B4B42 /* AppDelegate.swift */; };
		9C5C74931E6D94FC004B4B42 /* ViewController.swift in Sources */ = {isa = PBXBuildFile; fileRef = 9C5C74921E6D94FC004B4B42 /* ViewController.swift */; };
		9C5C74961E6D94FC004B4B42 /* Main.storyboard in Resources */ = {isa = PBXBuildFile; fileRef = 9C5C74941E6D94FC004B4B42 /* Main.storyboard */; };
		9C5C74981E6D94FC004B4B42 /* Assets.xcassets in Resources */ = {isa = PBXBuildFile; fileRef = 9C5C74971E6D94FC004B4B42 /* Assets.xcassets */; };
		9C5C749B1E6D94FC004B4B42 /* LaunchScreen.storyboard in Resources */ = {isa = PBXBuildFile; fileRef = 9C5C74991E6D94FC004B4B42 /* LaunchScreen.storyboard */; };
		9C5C74A61E6D94FC004B4B42 /* PBVerticalProgressTests.swift in Sources */ = {isa = PBXBuildFile; fileRef = 9C5C74A51E6D94FC004B4B42 /* PBVerticalProgressTests.swift */; };
		9C5C74B11E6D94FC004B4B42 /* PBVerticalProgressUITests.swift in Sources */ = {isa = PBXBuildFile; fileRef = 9C5C74B01E6D94FC004B4B42 /* PBVerticalProgressUITests.swift */; };
/* End PBXBuildFile section */

/* Begin PBXContainerItemProxy section */
		9C5C74A21E6D94FC004B4B42 /* PBXContainerItemProxy */ = {
			isa = PBXContainerItemProxy;
			containerPortal = 9C5C74851E6D94FC004B4B42 /* Project object */;
			proxyType = 1;
			remoteGlobalIDString = 9C5C748C1E6D94FC004B4B42;
			remoteInfo = PBVerticalProgress;
		};
		9C5C74AD1E6D94FC004B4B42 /* PBXContainerItemProxy */ = {
			isa = PBXContainerItemProxy;
			containerPortal = 9C5C74851E6D94FC004B4B42 /* Project object */;
			proxyType = 1;
			remoteGlobalIDString = 9C5C748C1E6D94FC004B4B42;
			remoteInfo = PBVerticalProgress;
		};
/* End PBXContainerItemProxy section */

/* Begin PBXFileReference section */
		9C5C748D1E6D94FC004B4B42 /* PBVerticalProgress.app */ = {isa = PBXFileReference; explicitFileType = wrapper.application; includeInIndex = 0; path = PBVerticalProgress.app; sourceTree = BUILT_PRODUCTS_DIR; };
		9C5C74901E6D94FC004B4B42 /* AppDelegate.swift */ = {isa = PBXFileReference; lastKnownFileType = sourcecode.swift; path = AppDelegate.swift; sourceTree = "<group>"; };
		9C5C74921E6D94FC004B4B42 /* ViewController.swift */ = {isa = PBXFileReference; lastKnownFileType = sourcecode.swift; path = ViewController.swift; sourceTree = "<group>"; };
		9C5C74951E6D94FC004B4B42 /* Base */ = {isa = PBXFileReference; lastKnownFileType = file.storyboard; name = Base; path = Base.lproj/Main.storyboard; sourceTree = "<group>"; };
		9C5C74971E6D94FC004B4B42 /* Assets.xcassets */ = {isa = PBXFileReference; lastKnownFileType = folder.assetcatalog; path = Assets.xcassets; sourceTree = "<group>"; };
		9C5C749A1E6D94FC004B4B42 /* Base */ = {isa = PBXFileReference; lastKnownFileType = file.storyboard; name = Base; path = Base.lproj/LaunchScreen.storyboard; sourceTree = "<group>"; };
		9C5C749C1E6D94FC004B4B42 /* Info.plist */ = {isa = PBXFileReference; lastKnownFileType = text.plist.xml; path = Info.plist; sourceTree = "<group>"; };
		9C5C74A11E6D94FC004B4B42 /* PBVerticalProgressTests.xctest */ = {isa = PBXFileReference; explicitFileType = wrapper.cfbundle; includeInIndex = 0; path = PBVerticalProgressTests.xctest; sourceTree = BUILT_PRODUCTS_DIR; };
		9C5C74A51E6D94FC004B4B42 /* PBVerticalProgressTests.swift */ = {isa = PBXFileReference; lastKnownFileType = sourcecode.swift; path = PBVerticalProgressTests.swift; sourceTree = "<group>"; };
		9C5C74A71E6D94FC004B4B42 /* Info.plist */ = {isa = PBXFileReference; lastKnownFileType = text.plist.xml; path = Info.plist; sourceTree = "<group>"; };
		9C5C74AC1E6D94FC004B4B42 /* PBVerticalProgressUITests.xctest */ = {isa = PBXFileReference; explicitFileType = wrapper.cfbundle; includeInIndex = 0; path = PBVerticalProgressUITests.xctest; sourceTree = BUILT_PRODUCTS_DIR; };
		9C5C74B01E6D94FC004B4B42 /* PBVerticalProgressUITests.swift */ = {isa = PBXFileReference; lastKnownFileType = sourcecode.swift; path = PBVerticalProgressUITests.swift; sourceTree = "<group>"; };
		9C5C74B21E6D94FC004B4B42 /* Info.plist */ = {isa = PBXFileReference; lastKnownFileType = text.plist.xml; path = Info.plist; sourceTree = "<group>"; };
/* End PBXFileReference section */

/* Begin PBXFrameworksBuildPhase section */
		9C5C748A1E6D94FC004B4B42 /* Frameworks */ = {
			isa = PBXFrameworksBuildPhase;
			buildActionMask = 2147483647;
			files = (
			);
			runOnlyForDeploymentPostprocessing = 0;
		};
		9C5C749E1E6D94FC004B4B42 /* Frameworks */ = {
			isa = PBXFrameworksBuildPhase;
			buildActionMask = 2147483647;
			files = (
			);
			runOnlyForDeploymentPostprocessing = 0;
		};
		9C5C74A91E6D94FC004B4B42 /* Frameworks */ = {
			isa = PBXFrameworksBuildPhase;
			buildActionMask = 2147483647;
			files = (
			);
			runOnlyForDeploymentPostprocessing = 0;
		};
/* End PBXFrameworksBuildPhase section */

/* Begin PBXGroup section */
		9C5C74841E6D94FC004B4B42 = {
			isa = PBXGroup;
			children = (
				9C5C748F1E6D94FC004B4B42 /* PBVerticalProgress */,
				9C5C74A41E6D94FC004B4B42 /* PBVerticalProgressTests */,
				9C5C74AF1E6D94FC004B4B42 /* PBVerticalProgressUITests */,
				9C5C748E1E6D94FC004B4B42 /* Products */,
			);
			sourceTree = "<group>";
		};
		9C5C748E1E6D94FC004B4B42 /* Products */ = {
			isa = PBXGroup;
			children = (
				9C5C748D1E6D94FC004B4B42 /* PBVerticalProgress.app */,
				9C5C74A11E6D94FC004B4B42 /* PBVerticalProgressTests.xctest */,
				9C5C74AC1E6D94FC004B4B42 /* PBVerticalProgressUITests.xctest */,
			);
			name = Products;
			sourceTree = "<group>";
		};
		9C5C748F1E6D94FC004B4B42 /* PBVerticalProgress */ = {
			isa = PBXGroup;
			children = (
				9C5C74901E6D94FC004B4B42 /* AppDelegate.swift */,
				9C5C74921E6D94FC004B4B42 /* ViewController.swift */,
				9C5C74941E6D94FC004B4B42 /* Main.storyboard */,
				9C5C74971E6D94FC004B4B42 /* Assets.xcassets */,
				9C5C74991E6D94FC004B4B42 /* LaunchScreen.storyboard */,
				9C5C749C1E6D94FC004B4B42 /* Info.plist */,
			);
			path = PBVerticalProgress;
			sourceTree = "<group>";
		};
		9C5C74A41E6D94FC004B4B42 /* PBVerticalProgressTests */ = {
			isa = PBXGroup;
			children = (
				9C5C74A51E6D94FC004B4B42 /* PBVerticalProgressTests.swift */,
				9C5C74A71E6D94FC004B4B42 /* Info.plist */,
			);
			path = PBVerticalProgressTests;
			sourceTree = "<group>";
		};
		9C5C74AF1E6D94FC004B4B42 /* PBVerticalProgressUITests */ = {
			isa = PBXGroup;
			children = (
				9C5C74B01E6D94FC004B4B42 /* PBVerticalProgressUITests.swift */,
				9C5C74B21E6D94FC004B4B42 /* Info.plist */,
			);
			path = PBVerticalProgressUITests;
			sourceTree = "<group>";
		};
/* End PBXGroup section */

/* Begin PBXNativeTarget section */
		9C5C748C1E6D94FC004B4B42 /* PBVerticalProgress */ = {
			isa = PBXNativeTarget;
			buildConfigurationList = 9C5C74B51E6D94FC004B4B42 /* Build configuration list for PBXNativeTarget "PBVerticalProgress" */;
			buildPhases = (
				9C5C74891E6D94FC004B4B42 /* Sources */,
				9C5C748A1E6D94FC004B4B42 /* Frameworks */,
				9C5C748B1E6D94FC004B4B42 /* Resources */,
			);
			buildRules = (
			);
			dependencies = (
			);
			name = PBVerticalProgress;
			productName = PBVerticalProgress;
			productReference = 9C5C748D1E6D94FC004B4B42 /* PBVerticalProgress.app */;
			productType = "com.apple.product-type.application";
		};
		9C5C74A01E6D94FC004B4B42 /* PBVerticalProgressTests */ = {
			isa = PBXNativeTarget;
			buildConfigurationList = 9C5C74B81E6D94FC004B4B42 /* Build configuration list for PBXNativeTarget "PBVerticalProgressTests" */;
			buildPhases = (
				9C5C749D1E6D94FC004B4B42 /* Sources */,
				9C5C749E1E6D94FC004B4B42 /* Frameworks */,
				9C5C749F1E6D94FC004B4B42 /* Resources */,
			);
			buildRules = (
			);
			dependencies = (
				9C5C74A31E6D94FC004B4B42 /* PBXTargetDependency */,
			);
			name = PBVerticalProgressTests;
			productName = PBVerticalProgressTests;
			productReference = 9C5C74A11E6D94FC004B4B42 /* PBVerticalProgressTests.xctest */;
			productType = "com.apple.product-type.bundle.unit-test";
		};
		9C5C74AB1E6D94FC004B4B42 /* PBVerticalProgressUITests */ = {
			isa = PBXNativeTarget;
			buildConfigurationList = 9C5C74BB1E6D94FC004B4B42 /* Build configuration list for PBXNativeTarget "PBVerticalProgressUITests" */;
			buildPhases = (
				9C5C74A81E6D94FC004B4B42 /* Sources */,
				9C5C74A91E6D94FC004B4B42 /* Frameworks */,
				9C5C74AA1E6D94FC004B4B42 /* Resources */,
			);
			buildRules = (
			);
			dependencies = (
				9C5C74AE1E6D94FC004B4B42 /* PBXTargetDependency */,
			);
			name = PBVerticalProgressUITests;
			productName = PBVerticalProgressUITests;
			productReference = 9C5C74AC1E6D94FC004B4B42 /* PBVerticalProgressUITests.xctest */;
			productType = "com.apple.product-type.bundle.ui-testing";
		};
/* End PBXNativeTarget section */

/* Begin PBXProject section */
		9C5C74851E6D94FC004B4B42 /* Project object */ = {
			isa = PBXProject;
			attributes = {
				LastSwiftUpdateCheck = 0820;
				LastUpgradeCheck = 0820;
				ORGANIZATIONNAME = Rattee;
				TargetAttributes = {
					9C5C748C1E6D94FC004B4B42 = {
						CreatedOnToolsVersion = 8.2.1;
						ProvisioningStyle = Automatic;
					};
					9C5C74A01E6D94FC004B4B42 = {
						CreatedOnToolsVersion = 8.2.1;
						ProvisioningStyle = Automatic;
						TestTargetID = 9C5C748C1E6D94FC004B4B42;
					};
					9C5C74AB1E6D94FC004B4B42 = {
						CreatedOnToolsVersion = 8.2.1;
						ProvisioningStyle = Automatic;
						TestTargetID = 9C5C748C1E6D94FC004B4B42;
					};
				};
			};
			buildConfigurationList = 9C5C74881E6D94FC004B4B42 /* Build configuration list for PBXProject "PBVerticalProgress" */;
			compatibilityVersion = "Xcode 3.2";
			developmentRegion = English;
			hasScannedForEncodings = 0;
			knownRegions = (
				en,
				Base,
			);
			mainGroup = 9C5C74841E6D94FC004B4B42;
			productRefGroup = 9C5C748E1E6D94FC004B4B42 /* Products */;
			projectDirPath = "";
			projectRoot = "";
			targets = (
				9C5C748C1E6D94FC004B4B42 /* PBVerticalProgress */,
				9C5C74A01E6D94FC004B4B42 /* PBVerticalProgressTests */,
				9C5C74AB1E6D94FC004B4B42 /* PBVerticalProgressUITests */,
			);
		};
/* End PBXProject section */

/* Begin PBXResourcesBuildPhase section */
		9C5C748B1E6D94FC004B4B42 /* Resources */ = {
			isa = PBXResourcesBuildPhase;
			buildActionMask = 2147483647;
			files = (
				9C5C749B1E6D94FC004B4B42 /* LaunchScreen.storyboard in Resources */,
				9C5C74981E6D94FC004B4B42 /* Assets.xcassets in Resources */,
				9C5C74961E6D94FC004B4B42 /* Main.storyboard in Resources */,
			);
			runOnlyForDeploymentPostprocessing = 0;
		};
		9C5C749F1E6D94FC004B4B42 /* Resources */ = {
			isa = PBXResourcesBuildPhase;
			buildActionMask = 2147483647;
			files = (
			);
			runOnlyForDeploymentPostprocessing = 0;
		};
		9C5C74AA1E6D94FC004B4B42 /* Resources */ = {
			isa = PBXResourcesBuildPhase;
			buildActionMask = 2147483647;
			files = (
			);
			runOnlyForDeploymentPostprocessing = 0;
		};
/* End PBXResourcesBuildPhase section */

/* Begin PBXSourcesBuildPhase section */
		9C5C74891E6D94FC004B4B42 /* Sources */ = {
			isa = PBXSourcesBuildPhase;
			buildActionMask = 2147483647;
			files = (
				9C5C74931E6D94FC004B4B42 /* ViewController.swift in Sources */,
				9C5C74911E6D94FC004B4B42 /* AppDelegate.swift in Sources */,
			);
			runOnlyForDeploymentPostprocessing = 0;
		};
		9C5C749D1E6D94FC004B4B42 /* Sources */ = {
			isa = PBXSourcesBuildPhase;
			buildActionMask = 2147483647;
			files = (
				9C5C74A61E6D94FC004B4B42 /* PBVerticalProgressTests.swift in Sources */,
			);
			runOnlyForDeploymentPostprocessing = 0;
		};
		9C5C74A81E6D94FC004B4B42 /* Sources */ = {
			isa = PBXSourcesBuildPhase;
			buildActionMask = 2147483647;
			files = (
				9C5C74B11E6D94FC004B4B42 /* PBVerticalProgressUITests.swift in Sources */,
			);
			runOnlyForDeploymentPostprocessing = 0;
		};
/* End PBXSourcesBuildPhase section */

/* Begin PBXTargetDependency section */
		9C5C74A31E6D94FC004B4B42 /* PBXTargetDependency */ = {
			isa = PBXTargetDependency;
			target = 9C5C748C1E6D94FC004B4B42 /* PBVerticalProgress */;
			targetProxy = 9C5C74A21E6D94FC004B4B42 /* PBXContainerItemProxy */;
		};
		9C5C74AE1E6D94FC004B4B42 /* PBXTargetDependency */ = {
			isa = PBXTargetDependency;
			target = 9C5C748C1E6D94FC004B4B42 /* PBVerticalProgress */;
			targetProxy = 9C5C74AD1E6D94FC004B4B42 /* PBXContainerItemProxy */;
		};
/* End PBXTargetDependency section */

/* Begin PBXVariantGroup section */
		9C5C74941E6D94FC004B4B42 /* Main.storyboard */ = {
			isa = PBXVariantGroup;
			children = (
				9C5C74951E6D94FC004B4B42 /* Base */,
			);
			name = Main.storyboard;
			sourceTree = "<group>";
		};
		9C5C74991E6D94FC004B4B42 /* LaunchScreen.storyboard */ = {
			isa = PBXVariantGroup;
			children = (
				9C5C749A1E6D94FC004B4B42 /* Base */,
			);
			name = LaunchScreen.storyboard;
			sourceTree = "<group>";
		};
/* End PBXVariantGroup section */

/* Begin XCBuildConfiguration section */
		9C5C74B31E6D94FC004B4B42 /* Debug */ = {
			isa = XCBuildConfiguration;
			buildSettings = {
				ALWAYS_SEARCH_USER_PATHS = NO;
				CLANG_ANALYZER_NONNULL = YES;
				CLANG_CXX_LANGUAGE_STANDARD = "gnu++0x";
				CLANG_CXX_LIBRARY = "libc++";
				CLANG_ENABLE_MODULES = YES;
				CLANG_ENABLE_OBJC_ARC = YES;
				CLANG_WARN_BOOL_CONVERSION = YES;
				CLANG_WARN_CONSTANT_CONVERSION = YES;
				CLANG_WARN_DIRECT_OBJC_ISA_USAGE = YES_ERROR;
				CLANG_WARN_DOCUMENTATION_COMMENTS = YES;
				CLANG_WARN_EMPTY_BODY = YES;
				CLANG_WARN_ENUM_CONVERSION = YES;
				CLANG_WARN_INFINITE_RECURSION = YES;
				CLANG_WARN_INT_CONVERSION = YES;
				CLANG_WARN_OBJC_ROOT_CLASS = YES_ERROR;
				CLANG_WARN_SUSPICIOUS_MOVE = YES;
				CLANG_WARN_UNREACHABLE_CODE = YES;
				CLANG_WARN__DUPLICATE_METHOD_MATCH = YES;
				"CODE_SIGN_IDENTITY[sdk=iphoneos*]" = "iPhone Developer";
				COPY_PHASE_STRIP = NO;
				DEBUG_INFORMATION_FORMAT = dwarf;
				ENABLE_STRICT_OBJC_MSGSEND = YES;
				ENABLE_TESTABILITY = YES;
				GCC_C_LANGUAGE_STANDARD = gnu99;
				GCC_DYNAMIC_NO_PIC = NO;
				GCC_NO_COMMON_BLOCKS = YES;
				GCC_OPTIMIZATION_LEVEL = 0;
				GCC_PREPROCESSOR_DEFINITIONS = (
					"DEBUG=1",
					"$(inherited)",
				);
				GCC_WARN_64_TO_32_BIT_CONVERSION = YES;
				GCC_WARN_ABOUT_RETURN_TYPE = YES_ERROR;
				GCC_WARN_UNDECLARED_SELECTOR = YES;
				GCC_WARN_UNINITIALIZED_AUTOS = YES_AGGRESSIVE;
				GCC_WARN_UNUSED_FUNCTION = YES;
				GCC_WARN_UNUSED_VARIABLE = YES;
				IPHONEOS_DEPLOYMENT_TARGET = 10.2;
				MTL_ENABLE_DEBUG_INFO = YES;
				ONLY_ACTIVE_ARCH = YES;
				SDKROOT = iphoneos;
				SWIFT_ACTIVE_COMPILATION_CONDITIONS = DEBUG;
				SWIFT_OPTIMIZATION_LEVEL = "-Onone";
			};
			name = Debug;
		};
		9C5C74B41E6D94FC004B4B42 /* Release */ = {
			isa = XCBuildConfiguration;
			buildSettings = {
				ALWAYS_SEARCH_USER_PATHS = NO;
				CLANG_ANALYZER_NONNULL = YES;
				CLANG_CXX_LANGUAGE_STANDARD = "gnu++0x";
				CLANG_CXX_LIBRARY = "libc++";
				CLANG_ENABLE_MODULES = YES;
				CLANG_ENABLE_OBJC_ARC = YES;
				CLANG_WARN_BOOL_CONVERSION = YES;
				CLANG_WARN_CONSTANT_CONVERSION = YES;
				CLANG_WARN_DIRECT_OBJC_ISA_USAGE = YES_ERROR;
				CLANG_WARN_DOCUMENTATION_COMMENTS = YES;
				CLANG_WARN_EMPTY_BODY = YES;
				CLANG_WARN_ENUM_CONVERSION = YES;
				CLANG_WARN_INFINITE_RECURSION = YES;
				CLANG_WARN_INT_CONVERSION = YES;
				CLANG_WARN_OBJC_ROOT_CLASS = YES_ERROR;
				CLANG_WARN_SUSPICIOUS_MOVE = YES;
				CLANG_WARN_UNREACHABLE_CODE = YES;
				CLANG_WARN__DUPLICATE_METHOD_MATCH = YES;
				"CODE_SIGN_IDENTITY[sdk=iphoneos*]" = "iPhone Developer";
				COPY_PHASE_STRIP = NO;
				DEBUG_INFORMATION_FORMAT = "dwarf-with-dsym";
				ENABLE_NS_ASSERTIONS = NO;
				ENABLE_STRICT_OBJC_MSGSEND = YES;
				GCC_C_LANGUAGE_STANDARD = gnu99;
				GCC_NO_COMMON_BLOCKS = YES;
				GCC_WARN_64_TO_32_BIT_CONVERSION = YES;
				GCC_WARN_ABOUT_RETURN_TYPE = YES_ERROR;
				GCC_WARN_UNDECLARED_SELECTOR = YES;
				GCC_WARN_UNINITIALIZED_AUTOS = YES_AGGRESSIVE;
				GCC_WARN_UNUSED_FUNCTION = YES;
				GCC_WARN_UNUSED_VARIABLE = YES;
				IPHONEOS_DEPLOYMENT_TARGET = 10.2;
				MTL_ENABLE_DEBUG_INFO = NO;
				SDKROOT = iphoneos;
				SWIFT_OPTIMIZATION_LEVEL = "-Owholemodule";
				VALIDATE_PRODUCT = YES;
			};
			name = Release;
		};
		9C5C74B61E6D94FC004B4B42 /* Debug */ = {
			isa = XCBuildConfiguration;
			buildSettings = {
				ASSETCATALOG_COMPILER_APPICON_NAME = AppIcon;
				INFOPLIST_FILE = PBVerticalProgress/Info.plist;
				LD_RUNPATH_SEARCH_PATHS = "$(inherited) @executable_path/Frameworks";
				PRODUCT_BUNDLE_IDENTIFIER = com.ratee.PBVerticalProgress;
				PRODUCT_NAME = "$(TARGET_NAME)";
				SWIFT_VERSION = 3.0;
			};
			name = Debug;
		};
		9C5C74B71E6D94FC004B4B42 /* Release */ = {
			isa = XCBuildConfiguration;
			buildSettings = {
				ASSETCATALOG_COMPILER_APPICON_NAME = AppIcon;
				INFOPLIST_FILE = PBVerticalProgress/Info.plist;
				LD_RUNPATH_SEARCH_PATHS = "$(inherited) @executable_path/Frameworks";
				PRODUCT_BUNDLE_IDENTIFIER = com.ratee.PBVerticalProgress;
				PRODUCT_NAME = "$(TARGET_NAME)";
				SWIFT_VERSION = 3.0;
			};
			name = Release;
		};
		9C5C74B91E6D94FC004B4B42 /* Debug */ = {
			isa = XCBuildConfiguration;
			buildSettings = {
				ALWAYS_EMBED_SWIFT_STANDARD_LIBRARIES = YES;
				BUNDLE_LOADER = "$(TEST_HOST)";
				INFOPLIST_FILE = PBVerticalProgressTests/Info.plist;
				LD_RUNPATH_SEARCH_PATHS = "$(inherited) @executable_path/Frameworks @loader_path/Frameworks";
				PRODUCT_BUNDLE_IDENTIFIER = com.ratee.PBVerticalProgressTests;
				PRODUCT_NAME = "$(TARGET_NAME)";
				SWIFT_VERSION = 3.0;
				TEST_HOST = "$(BUILT_PRODUCTS_DIR)/PBVerticalProgress.app/PBVerticalProgress";
			};
			name = Debug;
		};
		9C5C74BA1E6D94FC004B4B42 /* Release */ = {
			isa = XCBuildConfiguration;
			buildSettings = {
				ALWAYS_EMBED_SWIFT_STANDARD_LIBRARIES = YES;
				BUNDLE_LOADER = "$(TEST_HOST)";
				INFOPLIST_FILE = PBVerticalProgressTests/Info.plist;
				LD_RUNPATH_SEARCH_PATHS = "$(inherited) @executable_path/Frameworks @loader_path/Frameworks";
				PRODUCT_BUNDLE_IDENTIFIER = com.ratee.PBVerticalProgressTests;
				PRODUCT_NAME = "$(TARGET_NAME)";
				SWIFT_VERSION = 3.0;
				TEST_HOST = "$(BUILT_PRODUCTS_DIR)/PBVerticalProgress.app/PBVerticalProgress";
			};
			name = Release;
		};
		9C5C74BC1E6D94FC004B4B42 /* Debug */ = {
			isa = XCBuildConfiguration;
			buildSettings = {
				ALWAYS_EMBED_SWIFT_STANDARD_LIBRARIES = YES;
				INFOPLIST_FILE = PBVerticalProgressUITests/Info.plist;
				LD_RUNPATH_SEARCH_PATHS = "$(inherited) @executable_path/Frameworks @loader_path/Frameworks";
				PRODUCT_BUNDLE_IDENTIFIER = com.ratee.PBVerticalProgressUITests;
				PRODUCT_NAME = "$(TARGET_NAME)";
				SWIFT_VERSION = 3.0;
				TEST_TARGET_NAME = PBVerticalProgress;
			};
			name = Debug;
		};
		9C5C74BD1E6D94FC004B4B42 /* Release */ = {
			isa = XCBuildConfiguration;
			buildSettings = {
				ALWAYS_EMBED_SWIFT_STANDARD_LIBRARIES = YES;
				INFOPLIST_FILE = PBVerticalProgressUITests/Info.plist;
				LD_RUNPATH_SEARCH_PATHS = "$(inherited) @executable_path/Frameworks @loader_path/Frameworks";
				PRODUCT_BUNDLE_IDENTIFIER = com.ratee.PBVerticalProgressUITests;
				PRODUCT_NAME = "$(TARGET_NAME)";
				SWIFT_VERSION = 3.0;
				TEST_TARGET_NAME = PBVerticalProgress;
			};
			name = Release;
		};
/* End XCBuildConfiguration section */

/* Begin XCConfigurationList section */
		9C5C74881E6D94FC004B4B42 /* Build configuration list for PBXProject "PBVerticalProgress" */ = {
			isa = XCConfigurationList;
			buildConfigurations = (
				9C5C74B31E6D94FC004B4B42 /* Debug */,
				9C5C74B41E6D94FC004B4B42 /* Release */,
			);
			defaultConfigurationIsVisible = 0;
			defaultConfigurationName = Release;
		};
		9C5C74B51E6D94FC004B4B42 /* Build configuration list for PBXNativeTarget "PBVerticalProgress" */ = {
			isa = XCConfigurationList;
			buildConfigurations = (
				9C5C74B61E6D94FC004B4B42 /* Debug */,
				9C5C74B71E6D94FC004B4B42 /* Release */,
			);
			defaultConfigurationIsVisible = 0;
		};
		9C5C74B81E6D94FC004B4B42 /* Build configuration list for PBXNativeTarget "PBVerticalProgressTests" */ = {
			isa = XCConfigurationList;
			buildConfigurations = (
				9C5C74B91E6D94FC004B4B42 /* Debug */,
				9C5C74BA1E6D94FC004B4B42 /* Release */,
			);
			defaultConfigurationIsVisible = 0;
		};
		9C5C74BB1E6D94FC004B4B42 /* Build configuration list for PBXNativeTarget "PBVerticalProgressUITests" */ = {
			isa = XCConfigurationList;
			buildConfigurations = (
				9C5C74BC1E6D94FC004B4B42 /* Debug */,
				9C5C74BD1E6D94FC004B4B42 /* Release */,
			);
			defaultConfigurationIsVisible = 0;
		};
/* End XCConfigurationList section */
	};
	rootObject = 9C5C74851E6D94FC004B4B42 /* Project object */;
}
